// !$*UTF8*$!
{
	archiveVersion = 1;
	classes = {
	};
	objectVersion = 51;
	objects = {

/* Begin PBXBuildFile section */
		26BA0C0623C85C0C00B70C02 /* AppDelegate.m in Sources */ = {isa = PBXBuildFile; fileRef = 26BA0C0523C85C0C00B70C02 /* AppDelegate.m */; };
		26BA0C0923C85C0C00B70C02 /* ViewController.m in Sources */ = {isa = PBXBuildFile; fileRef = 26BA0C0823C85C0C00B70C02 /* ViewController.m */; };
		26BA0C0C23C85C0C00B70C02 /* Main.storyboard in Resources */ = {isa = PBXBuildFile; fileRef = 26BA0C0A23C85C0C00B70C02 /* Main.storyboard */; };
		26BA0C0E23C85C0D00B70C02 /* Assets.xcassets in Resources */ = {isa = PBXBuildFile; fileRef = 26BA0C0D23C85C0D00B70C02 /* Assets.xcassets */; };
		26BA0C1123C85C0D00B70C02 /* LaunchScreen.storyboard in Resources */ = {isa = PBXBuildFile; fileRef = 26BA0C0F23C85C0D00B70C02 /* LaunchScreen.storyboard */; };
		26BA0C1423C85C0D00B70C02 /* main.m in Sources */ = {isa = PBXBuildFile; fileRef = 26BA0C1323C85C0D00B70C02 /* main.m */; };
		26BA0C1E23C85C0D00B70C02 /* YunWeiAppiOSTests.m in Sources */ = {isa = PBXBuildFile; fileRef = 26BA0C1D23C85C0D00B70C02 /* YunWeiAppiOSTests.m */; };
		26BA0C2923C85C0D00B70C02 /* YunWeiAppiOSUITests.m in Sources */ = {isa = PBXBuildFile; fileRef = 26BA0C2823C85C0D00B70C02 /* YunWeiAppiOSUITests.m */; };
		26BA0C3923C85DF500B70C02 /* LoginViewController.m in Sources */ = {isa = PBXBuildFile; fileRef = 26BA0C3823C85DF500B70C02 /* LoginViewController.m */; };
		26BA0C3C23C86C5900B70C02 /* ForgotPasswordViewController.m in Sources */ = {isa = PBXBuildFile; fileRef = 26BA0C3B23C86C5900B70C02 /* ForgotPasswordViewController.m */; };
		E85E7BF3D87375DCA270701A /* libPods-YunWeiAppiOS.a in Frameworks */ = {isa = PBXBuildFile; fileRef = A7D1507B34DF9BB760E9B24D /* libPods-YunWeiAppiOS.a */; };
/* End PBXBuildFile section */

/* Begin PBXContainerItemProxy section */
		26BA0C1A23C85C0D00B70C02 /* PBXContainerItemProxy */ = {
			isa = PBXContainerItemProxy;
			containerPortal = 26BA0BF923C85C0C00B70C02 /* Project object */;
			proxyType = 1;
			remoteGlobalIDString = 26BA0C0023C85C0C00B70C02;
			remoteInfo = YunWeiAppiOS;
		};
		26BA0C2523C85C0D00B70C02 /* PBXContainerItemProxy */ = {
			isa = PBXContainerItemProxy;
			containerPortal = 26BA0BF923C85C0C00B70C02 /* Project object */;
			proxyType = 1;
			remoteGlobalIDString = 26BA0C0023C85C0C00B70C02;
			remoteInfo = YunWeiAppiOS;
		};
/* End PBXContainerItemProxy section */

/* Begin PBXFileReference section */
		26BA0C0123C85C0C00B70C02 /* YunWeiAppiOS.app */ = {isa = PBXFileReference; explicitFileType = wrapper.application; includeInIndex = 0; path = YunWeiAppiOS.app; sourceTree = BUILT_PRODUCTS_DIR; };
		26BA0C0423C85C0C00B70C02 /* AppDelegate.h */ = {isa = PBXFileReference; lastKnownFileType = sourcecode.c.h; path = AppDelegate.h; sourceTree = "<group>"; };
		26BA0C0523C85C0C00B70C02 /* AppDelegate.m */ = {isa = PBXFileReference; lastKnownFileType = sourcecode.c.objc; path = AppDelegate.m; sourceTree = "<group>"; };
		26BA0C0723C85C0C00B70C02 /* ViewController.h */ = {isa = PBXFileReference; lastKnownFileType = sourcecode.c.h; path = ViewController.h; sourceTree = "<group>"; };
		26BA0C0823C85C0C00B70C02 /* ViewController.m */ = {isa = PBXFileReference; lastKnownFileType = sourcecode.c.objc; path = ViewController.m; sourceTree = "<group>"; };
		26BA0C0B23C85C0C00B70C02 /* Base */ = {isa = PBXFileReference; lastKnownFileType = file.storyboard; name = Base; path = Base.lproj/Main.storyboard; sourceTree = "<group>"; };
		26BA0C0D23C85C0D00B70C02 /* Assets.xcassets */ = {isa = PBXFileReference; lastKnownFileType = folder.assetcatalog; path = Assets.xcassets; sourceTree = "<group>"; };
		26BA0C1023C85C0D00B70C02 /* Base */ = {isa = PBXFileReference; lastKnownFileType = file.storyboard; name = Base; path = Base.lproj/LaunchScreen.storyboard; sourceTree = "<group>"; };
		26BA0C1223C85C0D00B70C02 /* Info.plist */ = {isa = PBXFileReference; lastKnownFileType = text.plist.xml; path = Info.plist; sourceTree = "<group>"; };
		26BA0C1323C85C0D00B70C02 /* main.m */ = {isa = PBXFileReference; lastKnownFileType = sourcecode.c.objc; path = main.m; sourceTree = "<group>"; };
		26BA0C1923C85C0D00B70C02 /* YunWeiAppiOSTests.xctest */ = {isa = PBXFileReference; explicitFileType = wrapper.cfbundle; includeInIndex = 0; path = YunWeiAppiOSTests.xctest; sourceTree = BUILT_PRODUCTS_DIR; };
		26BA0C1D23C85C0D00B70C02 /* YunWeiAppiOSTests.m */ = {isa = PBXFileReference; lastKnownFileType = sourcecode.c.objc; path = YunWeiAppiOSTests.m; sourceTree = "<group>"; };
		26BA0C1F23C85C0D00B70C02 /* Info.plist */ = {isa = PBXFileReference; lastKnownFileType = text.plist.xml; path = Info.plist; sourceTree = "<group>"; };
		26BA0C2423C85C0D00B70C02 /* YunWeiAppiOSUITests.xctest */ = {isa = PBXFileReference; explicitFileType = wrapper.cfbundle; includeInIndex = 0; path = YunWeiAppiOSUITests.xctest; sourceTree = BUILT_PRODUCTS_DIR; };
		26BA0C2823C85C0D00B70C02 /* YunWeiAppiOSUITests.m */ = {isa = PBXFileReference; lastKnownFileType = sourcecode.c.objc; path = YunWeiAppiOSUITests.m; sourceTree = "<group>"; };
		26BA0C2A23C85C0D00B70C02 /* Info.plist */ = {isa = PBXFileReference; lastKnownFileType = text.plist.xml; path = Info.plist; sourceTree = "<group>"; };
		26BA0C3623C85CA700B70C02 /* PrefixHeader.pch */ = {isa = PBXFileReference; lastKnownFileType = sourcecode.c.h; path = PrefixHeader.pch; sourceTree = "<group>"; };
		26BA0C3723C85DF500B70C02 /* LoginViewController.h */ = {isa = PBXFileReference; lastKnownFileType = sourcecode.c.h; path = LoginViewController.h; sourceTree = "<group>"; };
		26BA0C3823C85DF500B70C02 /* LoginViewController.m */ = {isa = PBXFileReference; lastKnownFileType = sourcecode.c.objc; path = LoginViewController.m; sourceTree = "<group>"; };
		26BA0C3A23C86C5900B70C02 /* ForgotPasswordViewController.h */ = {isa = PBXFileReference; lastKnownFileType = sourcecode.c.h; path = ForgotPasswordViewController.h; sourceTree = "<group>"; };
		26BA0C3B23C86C5900B70C02 /* ForgotPasswordViewController.m */ = {isa = PBXFileReference; lastKnownFileType = sourcecode.c.objc; path = ForgotPasswordViewController.m; sourceTree = "<group>"; };
		9D9A366E414A2CE7D7FBCDFD /* Pods-YunWeiAppiOS.release.xcconfig */ = {isa = PBXFileReference; includeInIndex = 1; lastKnownFileType = text.xcconfig; name = "Pods-YunWeiAppiOS.release.xcconfig"; path = "Target Support Files/Pods-YunWeiAppiOS/Pods-YunWeiAppiOS.release.xcconfig"; sourceTree = "<group>"; };
		A7D1507B34DF9BB760E9B24D /* libPods-YunWeiAppiOS.a */ = {isa = PBXFileReference; explicitFileType = archive.ar; includeInIndex = 0; path = "libPods-YunWeiAppiOS.a"; sourceTree = BUILT_PRODUCTS_DIR; };
		DC963DB662214561DF729E6B /* Pods-YunWeiAppiOS.debug.xcconfig */ = {isa = PBXFileReference; includeInIndex = 1; lastKnownFileType = text.xcconfig; name = "Pods-YunWeiAppiOS.debug.xcconfig"; path = "Target Support Files/Pods-YunWeiAppiOS/Pods-YunWeiAppiOS.debug.xcconfig"; sourceTree = "<group>"; };
/* End PBXFileReference section */

/* Begin PBXFrameworksBuildPhase section */
		26BA0BFE23C85C0C00B70C02 /* Frameworks */ = {
			isa = PBXFrameworksBuildPhase;
			buildActionMask = 2147483647;
			files = (
				E85E7BF3D87375DCA270701A /* libPods-YunWeiAppiOS.a in Frameworks */,
			);
			runOnlyForDeploymentPostprocessing = 0;
		};
		26BA0C1623C85C0D00B70C02 /* Frameworks */ = {
			isa = PBXFrameworksBuildPhase;
			buildActionMask = 2147483647;
			files = (
			);
			runOnlyForDeploymentPostprocessing = 0;
		};
		26BA0C2123C85C0D00B70C02 /* Frameworks */ = {
			isa = PBXFrameworksBuildPhase;
			buildActionMask = 2147483647;
			files = (
			);
			runOnlyForDeploymentPostprocessing = 0;
		};
/* End PBXFrameworksBuildPhase section */

/* Begin PBXGroup section */
		26BA0BF823C85C0C00B70C02 = {
			isa = PBXGroup;
			children = (
				26BA0C0323C85C0C00B70C02 /* YunWeiAppiOS */,
				26BA0C1C23C85C0D00B70C02 /* YunWeiAppiOSTests */,
				26BA0C2723C85C0D00B70C02 /* YunWeiAppiOSUITests */,
				26BA0C0223C85C0C00B70C02 /* Products */,
				EDABB20AD8AB16ED82CD379A /* Pods */,
				A5E6044693EFE8B3791B49F6 /* Frameworks */,
			);
			sourceTree = "<group>";
		};
		26BA0C0223C85C0C00B70C02 /* Products */ = {
			isa = PBXGroup;
			children = (
				26BA0C0123C85C0C00B70C02 /* YunWeiAppiOS.app */,
				26BA0C1923C85C0D00B70C02 /* YunWeiAppiOSTests.xctest */,
				26BA0C2423C85C0D00B70C02 /* YunWeiAppiOSUITests.xctest */,
			);
			name = Products;
			sourceTree = "<group>";
		};
		26BA0C0323C85C0C00B70C02 /* YunWeiAppiOS */ = {
			isa = PBXGroup;
			children = (
				26BA0C0423C85C0C00B70C02 /* AppDelegate.h */,
				26BA0C0523C85C0C00B70C02 /* AppDelegate.m */,
				26BA0C0723C85C0C00B70C02 /* ViewController.h */,
				26BA0C0823C85C0C00B70C02 /* ViewController.m */,
				26BA0C0A23C85C0C00B70C02 /* Main.storyboard */,
				26BA0C0D23C85C0D00B70C02 /* Assets.xcassets */,
				26BA0C0F23C85C0D00B70C02 /* LaunchScreen.storyboard */,
				26BA0C1223C85C0D00B70C02 /* Info.plist */,
				26BA0C1323C85C0D00B70C02 /* main.m */,
				26BA0C3623C85CA700B70C02 /* PrefixHeader.pch */,
				26BA0C3723C85DF500B70C02 /* LoginViewController.h */,
				26BA0C3823C85DF500B70C02 /* LoginViewController.m */,
				26BA0C3A23C86C5900B70C02 /* ForgotPasswordViewController.h */,
				26BA0C3B23C86C5900B70C02 /* ForgotPasswordViewController.m */,
			);
			path = YunWeiAppiOS;
			sourceTree = "<group>";
		};
		26BA0C1C23C85C0D00B70C02 /* YunWeiAppiOSTests */ = {
			isa = PBXGroup;
			children = (
				26BA0C1D23C85C0D00B70C02 /* YunWeiAppiOSTests.m */,
				26BA0C1F23C85C0D00B70C02 /* Info.plist */,
			);
			path = YunWeiAppiOSTests;
			sourceTree = "<group>";
		};
		26BA0C2723C85C0D00B70C02 /* YunWeiAppiOSUITests */ = {
			isa = PBXGroup;
			children = (
				26BA0C2823C85C0D00B70C02 /* YunWeiAppiOSUITests.m */,
				26BA0C2A23C85C0D00B70C02 /* Info.plist */,
			);
			path = YunWeiAppiOSUITests;
			sourceTree = "<group>";
		};
		A5E6044693EFE8B3791B49F6 /* Frameworks */ = {
			isa = PBXGroup;
			children = (
				A7D1507B34DF9BB760E9B24D /* libPods-YunWeiAppiOS.a */,
			);
			name = Frameworks;
			sourceTree = "<group>";
		};
		EDABB20AD8AB16ED82CD379A /* Pods */ = {
			isa = PBXGroup;
			children = (
				DC963DB662214561DF729E6B /* Pods-YunWeiAppiOS.debug.xcconfig */,
				9D9A366E414A2CE7D7FBCDFD /* Pods-YunWeiAppiOS.release.xcconfig */,
			);
			path = Pods;
			sourceTree = "<group>";
		};
/* End PBXGroup section */

/* Begin PBXNativeTarget section */
		26BA0C0023C85C0C00B70C02 /* YunWeiAppiOS */ = {
			isa = PBXNativeTarget;
			buildConfigurationList = 26BA0C2D23C85C0D00B70C02 /* Build configuration list for PBXNativeTarget "YunWeiAppiOS" */;
			buildPhases = (
				1FC5C322981E92BB946F49C0 /* [CP] Check Pods Manifest.lock */,
				26BA0BFD23C85C0C00B70C02 /* Sources */,
				26BA0BFE23C85C0C00B70C02 /* Frameworks */,
				26BA0BFF23C85C0C00B70C02 /* Resources */,
				20F7CEAB9E8905A966A6AAE1 /* [CP] Copy Pods Resources */,
			);
			buildRules = (
			);
			dependencies = (
			);
			name = YunWeiAppiOS;
			productName = YunWeiAppiOS;
			productReference = 26BA0C0123C85C0C00B70C02 /* YunWeiAppiOS.app */;
			productType = "com.apple.product-type.application";
		};
		26BA0C1823C85C0D00B70C02 /* YunWeiAppiOSTests */ = {
			isa = PBXNativeTarget;
			buildConfigurationList = 26BA0C3023C85C0D00B70C02 /* Build configuration list for PBXNativeTarget "YunWeiAppiOSTests" */;
			buildPhases = (
				26BA0C1523C85C0D00B70C02 /* Sources */,
				26BA0C1623C85C0D00B70C02 /* Frameworks */,
				26BA0C1723C85C0D00B70C02 /* Resources */,
			);
			buildRules = (
			);
			dependencies = (
				26BA0C1B23C85C0D00B70C02 /* PBXTargetDependency */,
			);
			name = YunWeiAppiOSTests;
			productName = YunWeiAppiOSTests;
			productReference = 26BA0C1923C85C0D00B70C02 /* YunWeiAppiOSTests.xctest */;
			productType = "com.apple.product-type.bundle.unit-test";
		};
		26BA0C2323C85C0D00B70C02 /* YunWeiAppiOSUITests */ = {
			isa = PBXNativeTarget;
			buildConfigurationList = 26BA0C3323C85C0D00B70C02 /* Build configuration list for PBXNativeTarget "YunWeiAppiOSUITests" */;
			buildPhases = (
				26BA0C2023C85C0D00B70C02 /* Sources */,
				26BA0C2123C85C0D00B70C02 /* Frameworks */,
				26BA0C2223C85C0D00B70C02 /* Resources */,
			);
			buildRules = (
			);
			dependencies = (
				26BA0C2623C85C0D00B70C02 /* PBXTargetDependency */,
			);
			name = YunWeiAppiOSUITests;
			productName = YunWeiAppiOSUITests;
			productReference = 26BA0C2423C85C0D00B70C02 /* YunWeiAppiOSUITests.xctest */;
			productType = "com.apple.product-type.bundle.ui-testing";
		};
/* End PBXNativeTarget section */

/* Begin PBXProject section */
		26BA0BF923C85C0C00B70C02 /* Project object */ = {
			isa = PBXProject;
			attributes = {
				LastUpgradeCheck = 1020;
				ORGANIZATIONNAME = "俞乃胜";
				TargetAttributes = {
					26BA0C0023C85C0C00B70C02 = {
						CreatedOnToolsVersion = 10.2.1;
					};
					26BA0C1823C85C0D00B70C02 = {
						CreatedOnToolsVersion = 10.2.1;
						TestTargetID = 26BA0C0023C85C0C00B70C02;
					};
					26BA0C2323C85C0D00B70C02 = {
						CreatedOnToolsVersion = 10.2.1;
						TestTargetID = 26BA0C0023C85C0C00B70C02;
					};
				};
			};
			buildConfigurationList = 26BA0BFC23C85C0C00B70C02 /* Build configuration list for PBXProject "YunWeiAppiOS" */;
			compatibilityVersion = "Xcode 9.3";
			developmentRegion = en;
			hasScannedForEncodings = 0;
			knownRegions = (
				en,
				Base,
			);
			mainGroup = 26BA0BF823C85C0C00B70C02;
			productRefGroup = 26BA0C0223C85C0C00B70C02 /* Products */;
			projectDirPath = "";
			projectRoot = "";
			targets = (
				26BA0C0023C85C0C00B70C02 /* YunWeiAppiOS */,
				26BA0C1823C85C0D00B70C02 /* YunWeiAppiOSTests */,
				26BA0C2323C85C0D00B70C02 /* YunWeiAppiOSUITests */,
			);
		};
/* End PBXProject section */

/* Begin PBXResourcesBuildPhase section */
		26BA0BFF23C85C0C00B70C02 /* Resources */ = {
			isa = PBXResourcesBuildPhase;
			buildActionMask = 2147483647;
			files = (
				26BA0C1123C85C0D00B70C02 /* LaunchScreen.storyboard in Resources */,
				26BA0C0E23C85C0D00B70C02 /* Assets.xcassets in Resources */,
				26BA0C0C23C85C0C00B70C02 /* Main.storyboard in Resources */,
			);
			runOnlyForDeploymentPostprocessing = 0;
		};
		26BA0C1723C85C0D00B70C02 /* Resources */ = {
			isa = PBXResourcesBuildPhase;
			buildActionMask = 2147483647;
			files = (
			);
			runOnlyForDeploymentPostprocessing = 0;
		};
		26BA0C2223C85C0D00B70C02 /* Resources */ = {
			isa = PBXResourcesBuildPhase;
			buildActionMask = 2147483647;
			files = (
			);
			runOnlyForDeploymentPostprocessing = 0;
		};
/* End PBXResourcesBuildPhase section */

/* Begin PBXShellScriptBuildPhase section */
		1FC5C322981E92BB946F49C0 /* [CP] Check Pods Manifest.lock */ = {
			isa = PBXShellScriptBuildPhase;
			buildActionMask = 2147483647;
			files = (
			);
			inputFileListPaths = (
			);
			inputPaths = (
				"${PODS_PODFILE_DIR_PATH}/Podfile.lock",
				"${PODS_ROOT}/Manifest.lock",
			);
			name = "[CP] Check Pods Manifest.lock";
			outputFileListPaths = (
			);
			outputPaths = (
				"$(DERIVED_FILE_DIR)/Pods-YunWeiAppiOS-checkManifestLockResult.txt",
			);
			runOnlyForDeploymentPostprocessing = 0;
			shellPath = /bin/sh;
			shellScript = "diff \"${PODS_PODFILE_DIR_PATH}/Podfile.lock\" \"${PODS_ROOT}/Manifest.lock\" > /dev/null\nif [ $? != 0 ] ; then\n    # print error to STDERR\n    echo \"error: The sandbox is not in sync with the Podfile.lock. Run 'pod install' or update your CocoaPods installation.\" >&2\n    exit 1\nfi\n# This output is used by Xcode 'outputs' to avoid re-running this script phase.\necho \"SUCCESS\" > \"${SCRIPT_OUTPUT_FILE_0}\"\n";
			showEnvVarsInLog = 0;
		};
		20F7CEAB9E8905A966A6AAE1 /* [CP] Copy Pods Resources */ = {
			isa = PBXShellScriptBuildPhase;
			buildActionMask = 2147483647;
			files = (
			);
			inputFileListPaths = (
				"${PODS_ROOT}/Target Support Files/Pods-YunWeiAppiOS/Pods-YunWeiAppiOS-resources-${CONFIGURATION}-input-files.xcfilelist",
			);
			name = "[CP] Copy Pods Resources";
			outputFileListPaths = (
				"${PODS_ROOT}/Target Support Files/Pods-YunWeiAppiOS/Pods-YunWeiAppiOS-resources-${CONFIGURATION}-output-files.xcfilelist",
			);
			runOnlyForDeploymentPostprocessing = 0;
			shellPath = /bin/sh;
			shellScript = "\"${PODS_ROOT}/Target Support Files/Pods-YunWeiAppiOS/Pods-YunWeiAppiOS-resources.sh\"\n";
			showEnvVarsInLog = 0;
		};
/* End PBXShellScriptBuildPhase section */

/* Begin PBXSourcesBuildPhase section */
		26BA0BFD23C85C0C00B70C02 /* Sources */ = {
			isa = PBXSourcesBuildPhase;
			buildActionMask = 2147483647;
			files = (
				26BA0C3923C85DF500B70C02 /* LoginViewController.m in Sources */,
				26BA0C0923C85C0C00B70C02 /* ViewController.m in Sources */,
				26BA0C1423C85C0D00B70C02 /* main.m in Sources */,
				26BA0C3C23C86C5900B70C02 /* ForgotPasswordViewController.m in Sources */,
				26BA0C0623C85C0C00B70C02 /* AppDelegate.m in Sources */,
			);
			runOnlyForDeploymentPostprocessing = 0;
		};
		26BA0C1523C85C0D00B70C02 /* Sources */ = {
			isa = PBXSourcesBuildPhase;
			buildActionMask = 2147483647;
			files = (
				26BA0C1E23C85C0D00B70C02 /* YunWeiAppiOSTests.m in Sources */,
			);
			runOnlyForDeploymentPostprocessing = 0;
		};
		26BA0C2023C85C0D00B70C02 /* Sources */ = {
			isa = PBXSourcesBuildPhase;
			buildActionMask = 2147483647;
			files = (
				26BA0C2923C85C0D00B70C02 /* YunWeiAppiOSUITests.m in Sources */,
			);
			runOnlyForDeploymentPostprocessing = 0;
		};
/* End PBXSourcesBuildPhase section */

/* Begin PBXTargetDependency section */
		26BA0C1B23C85C0D00B70C02 /* PBXTargetDependency */ = {
			isa = PBXTargetDependency;
			target = 26BA0C0023C85C0C00B70C02 /* YunWeiAppiOS */;
			targetProxy = 26BA0C1A23C85C0D00B70C02 /* PBXContainerItemProxy */;
		};
		26BA0C2623C85C0D00B70C02 /* PBXTargetDependency */ = {
			isa = PBXTargetDependency;
			target = 26BA0C0023C85C0C00B70C02 /* YunWeiAppiOS */;
			targetProxy = 26BA0C2523C85C0D00B70C02 /* PBXContainerItemProxy */;
		};
/* End PBXTargetDependency section */

/* Begin PBXVariantGroup section */
		26BA0C0A23C85C0C00B70C02 /* Main.storyboard */ = {
			isa = PBXVariantGroup;
			children = (
				26BA0C0B23C85C0C00B70C02 /* Base */,
			);
			name = Main.storyboard;
			sourceTree = "<group>";
		};
		26BA0C0F23C85C0D00B70C02 /* LaunchScreen.storyboard */ = {
			isa = PBXVariantGroup;
			children = (
				26BA0C1023C85C0D00B70C02 /* Base */,
			);
			name = LaunchScreen.storyboard;
			sourceTree = "<group>";
		};
/* End PBXVariantGroup section */

/* Begin XCBuildConfiguration section */
		26BA0C2B23C85C0D00B70C02 /* Debug */ = {
			isa = XCBuildConfiguration;
			buildSettings = {
				ALWAYS_SEARCH_USER_PATHS = NO;
				CLANG_ANALYZER_NONNULL = YES;
				CLANG_ANALYZER_NUMBER_OBJECT_CONVERSION = YES_AGGRESSIVE;
				CLANG_CXX_LANGUAGE_STANDARD = "gnu++14";
				CLANG_CXX_LIBRARY = "libc++";
				CLANG_ENABLE_MODULES = YES;
				CLANG_ENABLE_OBJC_ARC = YES;
				CLANG_ENABLE_OBJC_WEAK = YES;
				CLANG_WARN_BLOCK_CAPTURE_AUTORELEASING = YES;
				CLANG_WARN_BOOL_CONVERSION = YES;
				CLANG_WARN_COMMA = YES;
				CLANG_WARN_CONSTANT_CONVERSION = YES;
				CLANG_WARN_DEPRECATED_OBJC_IMPLEMENTATIONS = YES;
				CLANG_WARN_DIRECT_OBJC_ISA_USAGE = YES_ERROR;
				CLANG_WARN_DOCUMENTATION_COMMENTS = YES;
				CLANG_WARN_EMPTY_BODY = YES;
				CLANG_WARN_ENUM_CONVERSION = YES;
				CLANG_WARN_INFINITE_RECURSION = YES;
				CLANG_WARN_INT_CONVERSION = YES;
				CLANG_WARN_NON_LITERAL_NULL_CONVERSION = YES;
				CLANG_WARN_OBJC_IMPLICIT_RETAIN_SELF = YES;
				CLANG_WARN_OBJC_LITERAL_CONVERSION = YES;
				CLANG_WARN_OBJC_ROOT_CLASS = YES_ERROR;
				CLANG_WARN_RANGE_LOOP_ANALYSIS = YES;
				CLANG_WARN_STRICT_PROTOTYPES = YES;
				CLANG_WARN_SUSPICIOUS_MOVE = YES;
				CLANG_WARN_UNGUARDED_AVAILABILITY = YES_AGGRESSIVE;
				CLANG_WARN_UNREACHABLE_CODE = YES;
				CLANG_WARN__DUPLICATE_METHOD_MATCH = YES;
				CODE_SIGN_IDENTITY = "iPhone Developer";
				COPY_PHASE_STRIP = NO;
				DEBUG_INFORMATION_FORMAT = dwarf;
				ENABLE_STRICT_OBJC_MSGSEND = YES;
				ENABLE_TESTABILITY = YES;
				GCC_C_LANGUAGE_STANDARD = gnu11;
				GCC_DYNAMIC_NO_PIC = NO;
				GCC_NO_COMMON_BLOCKS = YES;
				GCC_OPTIMIZATION_LEVEL = 0;
				GCC_PREPROCESSOR_DEFINITIONS = (
					"DEBUG=1",
					"$(inherited)",
				);
				GCC_WARN_64_TO_32_BIT_CONVERSION = YES;
				GCC_WARN_ABOUT_RETURN_TYPE = YES_ERROR;
				GCC_WARN_UNDECLARED_SELECTOR = YES;
				GCC_WARN_UNINITIALIZED_AUTOS = YES_AGGRESSIVE;
				GCC_WARN_UNUSED_FUNCTION = YES;
				GCC_WARN_UNUSED_VARIABLE = YES;
				IPHONEOS_DEPLOYMENT_TARGET = 12.2;
				MTL_ENABLE_DEBUG_INFO = INCLUDE_SOURCE;
				MTL_FAST_MATH = YES;
				ONLY_ACTIVE_ARCH = YES;
				SDKROOT = iphoneos;
			};
			name = Debug;
		};
		26BA0C2C23C85C0D00B70C02 /* Release */ = {
			isa = XCBuildConfiguration;
			buildSettings = {
				ALWAYS_SEARCH_USER_PATHS = NO;
				CLANG_ANALYZER_NONNULL = YES;
				CLANG_ANALYZER_NUMBER_OBJECT_CONVERSION = YES_AGGRESSIVE;
				CLANG_CXX_LANGUAGE_STANDARD = "gnu++14";
				CLANG_CXX_LIBRARY = "libc++";
				CLANG_ENABLE_MODULES = YES;
				CLANG_ENABLE_OBJC_ARC = YES;
				CLANG_ENABLE_OBJC_WEAK = YES;
				CLANG_WARN_BLOCK_CAPTURE_AUTORELEASING = YES;
				CLANG_WARN_BOOL_CONVERSION = YES;
				CLANG_WARN_COMMA = YES;
				CLANG_WARN_CONSTANT_CONVERSION = YES;
				CLANG_WARN_DEPRECATED_OBJC_IMPLEMENTATIONS = YES;
				CLANG_WARN_DIRECT_OBJC_ISA_USAGE = YES_ERROR;
				CLANG_WARN_DOCUMENTATION_COMMENTS = YES;
				CLANG_WARN_EMPTY_BODY = YES;
				CLANG_WARN_ENUM_CONVERSION = YES;
				CLANG_WARN_INFINITE_RECURSION = YES;
				CLANG_WARN_INT_CONVERSION = YES;
				CLANG_WARN_NON_LITERAL_NULL_CONVERSION = YES;
				CLANG_WARN_OBJC_IMPLICIT_RETAIN_SELF = YES;
				CLANG_WARN_OBJC_LITERAL_CONVERSION = YES;
				CLANG_WARN_OBJC_ROOT_CLASS = YES_ERROR;
				CLANG_WARN_RANGE_LOOP_ANALYSIS = YES;
				CLANG_WARN_STRICT_PROTOTYPES = YES;
				CLANG_WARN_SUSPICIOUS_MOVE = YES;
				CLANG_WARN_UNGUARDED_AVAILABILITY = YES_AGGRESSIVE;
				CLANG_WARN_UNREACHABLE_CODE = YES;
				CLANG_WARN__DUPLICATE_METHOD_MATCH = YES;
				CODE_SIGN_IDENTITY = "iPhone Developer";
				COPY_PHASE_STRIP = NO;
				DEBUG_INFORMATION_FORMAT = "dwarf-with-dsym";
				ENABLE_NS_ASSERTIONS = NO;
				ENABLE_STRICT_OBJC_MSGSEND = YES;
				GCC_C_LANGUAGE_STANDARD = gnu11;
				GCC_NO_COMMON_BLOCKS = YES;
				GCC_WARN_64_TO_32_BIT_CONVERSION = YES;
				GCC_WARN_ABOUT_RETURN_TYPE = YES_ERROR;
				GCC_WARN_UNDECLARED_SELECTOR = YES;
				GCC_WARN_UNINITIALIZED_AUTOS = YES_AGGRESSIVE;
				GCC_WARN_UNUSED_FUNCTION = YES;
				GCC_WARN_UNUSED_VARIABLE = YES;
				IPHONEOS_DEPLOYMENT_TARGET = 12.2;
				MTL_ENABLE_DEBUG_INFO = NO;
				MTL_FAST_MATH = YES;
				SDKROOT = iphoneos;
				VALIDATE_PRODUCT = YES;
			};
			name = Release;
		};
		26BA0C2E23C85C0D00B70C02 /* Debug */ = {
			isa = XCBuildConfiguration;
			baseConfigurationReference = DC963DB662214561DF729E6B /* Pods-YunWeiAppiOS.debug.xcconfig */;
			buildSettings = {
				ASSETCATALOG_COMPILER_APPICON_NAME = AppIcon;
				CODE_SIGN_STYLE = Automatic;
				DEVELOPMENT_TEAM = 4679Q79YV9;
				GCC_PREFIX_HEADER = "$(SRCROOT)/YunWeiAppiOS/PrefixHeader.pch";
				INFOPLIST_FILE = YunWeiAppiOS/Info.plist;
				LD_RUNPATH_SEARCH_PATHS = (
					"$(inherited)",
					"@executable_path/Frameworks",
				);
				PRODUCT_BUNDLE_IDENTIFIER = com.shangftech.renqingzb.YunWeiAppiOS;
				PRODUCT_NAME = "$(TARGET_NAME)";
				TARGETED_DEVICE_FAMILY = "1,2";
			};
			name = Debug;
		};
		26BA0C2F23C85C0D00B70C02 /* Release */ = {
			isa = XCBuildConfiguration;
			baseConfigurationReference = 9D9A366E414A2CE7D7FBCDFD /* Pods-YunWeiAppiOS.release.xcconfig */;
			buildSettings = {
				ASSETCATALOG_COMPILER_APPICON_NAME = AppIcon;
				CODE_SIGN_STYLE = Automatic;
				DEVELOPMENT_TEAM = 4679Q79YV9;
				GCC_PREFIX_HEADER = "$(SRCROOT)/YunWeiAppiOS/PrefixHeader.pch";
				INFOPLIST_FILE = YunWeiAppiOS/Info.plist;
				LD_RUNPATH_SEARCH_PATHS = (
					"$(inherited)",
					"@executable_path/Frameworks",
				);
				PRODUCT_BUNDLE_IDENTIFIER = com.shangftech.renqingzb.YunWeiAppiOS;
				PRODUCT_NAME = "$(TARGET_NAME)";
				TARGETED_DEVICE_FAMILY = "1,2";
			};
			name = Release;
		};
		26BA0C3123C85C0D00B70C02 /* Debug */ = {
			isa = XCBuildConfiguration;
			buildSettings = {
				BUNDLE_LOADER = "$(TEST_HOST)";
				CODE_SIGN_STYLE = Automatic;
				INFOPLIST_FILE = YunWeiAppiOSTests/Info.plist;
				LD_RUNPATH_SEARCH_PATHS = (
					"$(inherited)",
					"@executable_path/Frameworks",
					"@loader_path/Frameworks",
				);
				PRODUCT_BUNDLE_IDENTIFIER = com.shangftech.renqingzb.YunWeiAppiOSTests;
				PRODUCT_NAME = "$(TARGET_NAME)";
				TARGETED_DEVICE_FAMILY = "1,2";
				TEST_HOST = "$(BUILT_PRODUCTS_DIR)/YunWeiAppiOS.app/YunWeiAppiOS";
			};
			name = Debug;
		};
		26BA0C3223C85C0D00B70C02 /* Release */ = {
			isa = XCBuildConfiguration;
			buildSettings = {
				BUNDLE_LOADER = "$(TEST_HOST)";
				CODE_SIGN_STYLE = Automatic;
				INFOPLIST_FILE = YunWeiAppiOSTests/Info.plist;
				LD_RUNPATH_SEARCH_PATHS = (
					"$(inherited)",
					"@executable_path/Frameworks",
					"@loader_path/Frameworks",
				);
				PRODUCT_BUNDLE_IDENTIFIER = com.shangftech.renqingzb.YunWeiAppiOSTests;
				PRODUCT_NAME = "$(TARGET_NAME)";
				TARGETED_DEVICE_FAMILY = "1,2";
				TEST_HOST = "$(BUILT_PRODUCTS_DIR)/YunWeiAppiOS.app/YunWeiAppiOS";
			};
			name = Release;
		};
		26BA0C3423C85C0D00B70C02 /* Debug */ = {
			isa = XCBuildConfiguration;
			buildSettings = {
				CODE_SIGN_STYLE = Automatic;
				INFOPLIST_FILE = YunWeiAppiOSUITests/Info.plist;
				LD_RUNPATH_SEARCH_PATHS = (
					"$(inherited)",
					"@executable_path/Frameworks",
					"@loader_path/Frameworks",
				);
				PRODUCT_BUNDLE_IDENTIFIER = com.shangftech.renqingzb.YunWeiAppiOSUITests;
				PRODUCT_NAME = "$(TARGET_NAME)";
				TARGETED_DEVICE_FAMILY = "1,2";
				TEST_TARGET_NAME = YunWeiAppiOS;
			};
			name = Debug;
		};
		26BA0C3523C85C0D00B70C02 /* Release */ = {
			isa = XCBuildConfiguration;
			buildSettings = {
				CODE_SIGN_STYLE = Automatic;
				INFOPLIST_FILE = YunWeiAppiOSUITests/Info.plist;
				LD_RUNPATH_SEARCH_PATHS = (
					"$(inherited)",
					"@executable_path/Frameworks",
					"@loader_path/Frameworks",
				);
				PRODUCT_BUNDLE_IDENTIFIER = com.shangftech.renqingzb.YunWeiAppiOSUITests;
				PRODUCT_NAME = "$(TARGET_NAME)";
				TARGETED_DEVICE_FAMILY = "1,2";
				TEST_TARGET_NAME = YunWeiAppiOS;
			};
			name = Release;
		};
/* End XCBuildConfiguration section */

/* Begin XCConfigurationList section */
		26BA0BFC23C85C0C00B70C02 /* Build configuration list for PBXProject "YunWeiAppiOS" */ = {
			isa = XCConfigurationList;
			buildConfigurations = (
				26BA0C2B23C85C0D00B70C02 /* Debug */,
				26BA0C2C23C85C0D00B70C02 /* Release */,
			);
			defaultConfigurationIsVisible = 0;
			defaultConfigurationName = Release;
		};
		26BA0C2D23C85C0D00B70C02 /* Build configuration list for PBXNativeTarget "YunWeiAppiOS" */ = {
			isa = XCConfigurationList;
			buildConfigurations = (
				26BA0C2E23C85C0D00B70C02 /* Debug */,
				26BA0C2F23C85C0D00B70C02 /* Release */,
			);
			defaultConfigurationIsVisible = 0;
			defaultConfigurationName = Release;
		};
		26BA0C3023C85C0D00B70C02 /* Build configuration list for PBXNativeTarget "YunWeiAppiOSTests" */ = {
			isa = XCConfigurationList;
			buildConfigurations = (
				26BA0C3123C85C0D00B70C02 /* Debug */,
				26BA0C3223C85C0D00B70C02 /* Release */,
			);
			defaultConfigurationIsVisible = 0;
			defaultConfigurationName = Release;
		};
		26BA0C3323C85C0D00B70C02 /* Build configuration list for PBXNativeTarget "YunWeiAppiOSUITests" */ = {
			isa = XCConfigurationList;
			buildConfigurations = (
				26BA0C3423C85C0D00B70C02 /* Debug */,
				26BA0C3523C85C0D00B70C02 /* Release */,
			);
			defaultConfigurationIsVisible = 0;
			defaultConfigurationName = Release;
		};
/* End XCConfigurationList section */
	};
	rootObject = 26BA0BF923C85C0C00B70C02 /* Project object */;
}
